
Microsoft Visual Studio Solution File, Format Version 12.00
# Visual Studio Version 17
VisualStudioVersion = 17.6.33723.286
MinimumVisualStudioVersion = 10.0.40219.1
Project("{9A19103F-16F7-4668-BE54-9A1E7A4F7556}") = "ToDoGrpc", "ToDoGrpc.csproj", "{BBD7436E-C96C-4EF7-A322-5BD4C5B20195}"
EndProject
Global
	GlobalSection(SolutionConfigurationPlatforms) = preSolution
		Debug|Any CPU = Debug|Any CPU
		Release|Any CPU = Release|Any CPU
	EndGlobalSection
	GlobalSection(ProjectConfigurationPlatforms) = postSolution
		{BBD7436E-C96C-4EF7-A322-5BD4C5B20195}.Debug|Any CPU.ActiveCfg = Debug|Any CPU
		{BBD7436E-C96C-4EF7-A322-5BD4C5B20195}.Debug|Any CPU.Build.0 = Debug|Any CPU
		{BBD7436E-C96C-4EF7-A322-5BD4C5B20195}.Release|Any CPU.ActiveCfg = Release|Any CPU
		{BBD7436E-C96C-4EF7-A322-5BD4C5B20195}.Release|Any CPU.Build.0 = Release|Any CPU
	EndGlobalSection
	GlobalSection(SolutionProperties) = preSolution
		HideSolutionNode = FALSE
	EndGlobalSection
	GlobalSection(ExtensibilityGlobals) = postSolution
		SolutionGuid = {495AC8DD-B624-490E-A964-72C42AF3C2FA}
	EndGlobalSection
EndGlobal
